// !$*UTF8*$!
{
	archiveVersion = 1;
	classes = {
	};
	objectVersion = 46;
	objects = {

/* Begin PBXBuildFile section */
		C786B8C41AF896BD005DC703 /* main.m in Sources */ = {isa = PBXBuildFile; fileRef = C786B8C31AF896BD005DC703 /* main.m */; };
		C786B8C71AF896BD005DC703 /* AppDelegate.m in Sources */ = {isa = PBXBuildFile; fileRef = C786B8C61AF896BD005DC703 /* AppDelegate.m */; };
		C786B8CD1AF896BD005DC703 /* Main.storyboard in Resources */ = {isa = PBXBuildFile; fileRef = C786B8CB1AF896BD005DC703 /* Main.storyboard */; };
		C786B8CF1AF896BD005DC703 /* Images.xcassets in Resources */ = {isa = PBXBuildFile; fileRef = C786B8CE1AF896BD005DC703 /* Images.xcassets */; };
		C786B8D21AF896BD005DC703 /* LaunchScreen.xib in Resources */ = {isa = PBXBuildFile; fileRef = C786B8D01AF896BD005DC703 /* LaunchScreen.xib */; };
		C786B8DE1AF896BD005DC703 /* ToDoListTests.m in Sources */ = {isa = PBXBuildFile; fileRef = C786B8DD1AF896BD005DC703 /* ToDoListTests.m */; };
		C786B8E91AF93A0A005DC703 /* AddToDoItemViewController.m in Sources */ = {isa = PBXBuildFile; fileRef = C786B8E81AF93A0A005DC703 /* AddToDoItemViewController.m */; };
		C786B8EC1AF93FAB005DC703 /* ToDoListTableViewController.m in Sources */ = {isa = PBXBuildFile; fileRef = C786B8EB1AF93FAB005DC703 /* ToDoListTableViewController.m */; };
/* End PBXBuildFile section */

/* Begin PBXContainerItemProxy section */
		C786B8D81AF896BD005DC703 /* PBXContainerItemProxy */ = {
			isa = PBXContainerItemProxy;
			containerPortal = C786B8B61AF896BD005DC703 /* Project object */;
			proxyType = 1;
			remoteGlobalIDString = C786B8BD1AF896BD005DC703;
			remoteInfo = ToDoList;
		};
/* End PBXContainerItemProxy section */

/* Begin PBXFileReference section */
		C786B8BE1AF896BD005DC703 /* ToDoList.app */ = {isa = PBXFileReference; explicitFileType = wrapper.application; includeInIndex = 0; path = ToDoList.app; sourceTree = BUILT_PRODUCTS_DIR; };
		C786B8C21AF896BD005DC703 /* Info.plist */ = {isa = PBXFileReference; lastKnownFileType = text.plist.xml; path = Info.plist; sourceTree = "<group>"; };
		C786B8C31AF896BD005DC703 /* main.m */ = {isa = PBXFileReference; lastKnownFileType = sourcecode.c.objc; path = main.m; sourceTree = "<group>"; };
		C786B8C51AF896BD005DC703 /* AppDelegate.h */ = {isa = PBXFileReference; lastKnownFileType = sourcecode.c.h; path = AppDelegate.h; sourceTree = "<group>"; };
		C786B8C61AF896BD005DC703 /* AppDelegate.m */ = {isa = PBXFileReference; lastKnownFileType = sourcecode.c.objc; path = AppDelegate.m; sourceTree = "<group>"; };
		C786B8CC1AF896BD005DC703 /* Base */ = {isa = PBXFileReference; lastKnownFileType = file.storyboard; name = Base; path = Base.lproj/Main.storyboard; sourceTree = "<group>"; };
		C786B8CE1AF896BD005DC703 /* Images.xcassets */ = {isa = PBXFileReference; lastKnownFileType = folder.assetcatalog; path = Images.xcassets; sourceTree = "<group>"; };
		C786B8D11AF896BD005DC703 /* Base */ = {isa = PBXFileReference; lastKnownFileType = file.xib; name = Base; path = Base.lproj/LaunchScreen.xib; sourceTree = "<group>"; };
		C786B8D71AF896BD005DC703 /* ToDoListTests.xctest */ = {isa = PBXFileReference; explicitFileType = wrapper.cfbundle; includeInIndex = 0; path = ToDoListTests.xctest; sourceTree = BUILT_PRODUCTS_DIR; };
		C786B8DC1AF896BD005DC703 /* Info.plist */ = {isa = PBXFileReference; lastKnownFileType = text.plist.xml; path = Info.plist; sourceTree = "<group>"; };
		C786B8DD1AF896BD005DC703 /* ToDoListTests.m */ = {isa = PBXFileReference; lastKnownFileType = sourcecode.c.objc; path = ToDoListTests.m; sourceTree = "<group>"; };
		C786B8E71AF93A0A005DC703 /* AddToDoItemViewController.h */ = {isa = PBXFileReference; fileEncoding = 4; lastKnownFileType = sourcecode.c.h; path = AddToDoItemViewController.h; sourceTree = "<group>"; };
		C786B8E81AF93A0A005DC703 /* AddToDoItemViewController.m */ = {isa = PBXFileReference; fileEncoding = 4; lastKnownFileType = sourcecode.c.objc; path = AddToDoItemViewController.m; sourceTree = "<group>"; };
		C786B8EA1AF93FAB005DC703 /* ToDoListTableViewController.h */ = {isa = PBXFileReference; fileEncoding = 4; lastKnownFileType = sourcecode.c.h; path = ToDoListTableViewController.h; sourceTree = "<group>"; };
		C786B8EB1AF93FAB005DC703 /* ToDoListTableViewController.m */ = {isa = PBXFileReference; fileEncoding = 4; lastKnownFileType = sourcecode.c.objc; path = ToDoListTableViewController.m; sourceTree = "<group>"; };
/* End PBXFileReference section */

/* Begin PBXFrameworksBuildPhase section */
		C786B8BB1AF896BD005DC703 /* Frameworks */ = {
			isa = PBXFrameworksBuildPhase;
			buildActionMask = 2147483647;
			files = (
			);
			runOnlyForDeploymentPostprocessing = 0;
		};
		C786B8D41AF896BD005DC703 /* Frameworks */ = {
			isa = PBXFrameworksBuildPhase;
			buildActionMask = 2147483647;
			files = (
			);
			runOnlyForDeploymentPostprocessing = 0;
		};
/* End PBXFrameworksBuildPhase section */

/* Begin PBXGroup section */
		C786B8B51AF896BD005DC703 = {
			isa = PBXGroup;
			children = (
				C786B8C01AF896BD005DC703 /* ToDoList */,
				C786B8DA1AF896BD005DC703 /* ToDoListTests */,
				C786B8BF1AF896BD005DC703 /* Products */,
			);
			sourceTree = "<group>";
		};
		C786B8BF1AF896BD005DC703 /* Products */ = {
			isa = PBXGroup;
			children = (
				C786B8BE1AF896BD005DC703 /* ToDoList.app */,
				C786B8D71AF896BD005DC703 /* ToDoListTests.xctest */,
			);
			name = Products;
			sourceTree = "<group>";
		};
		C786B8C01AF896BD005DC703 /* ToDoList */ = {
			isa = PBXGroup;
			children = (
				C786B8C51AF896BD005DC703 /* AppDelegate.h */,
				C786B8C61AF896BD005DC703 /* AppDelegate.m */,
				C786B8CB1AF896BD005DC703 /* Main.storyboard */,
				C786B8EA1AF93FAB005DC703 /* ToDoListTableViewController.h */,
				C786B8EB1AF93FAB005DC703 /* ToDoListTableViewController.m */,
				C786B8E71AF93A0A005DC703 /* AddToDoItemViewController.h */,
				C786B8E81AF93A0A005DC703 /* AddToDoItemViewController.m */,
				C786B8CE1AF896BD005DC703 /* Images.xcassets */,
				C786B8D01AF896BD005DC703 /* LaunchScreen.xib */,
				C786B8C11AF896BD005DC703 /* Supporting Files */,
			);
			path = ToDoList;
			sourceTree = "<group>";
		};
		C786B8C11AF896BD005DC703 /* Supporting Files */ = {
			isa = PBXGroup;
			children = (
				C786B8C21AF896BD005DC703 /* Info.plist */,
				C786B8C31AF896BD005DC703 /* main.m */,
			);
			name = "Supporting Files";
			sourceTree = "<group>";
		};
		C786B8DA1AF896BD005DC703 /* ToDoListTests */ = {
			isa = PBXGroup;
			children = (
				C786B8DD1AF896BD005DC703 /* ToDoListTests.m */,
				C786B8DB1AF896BD005DC703 /* Supporting Files */,
			);
			path = ToDoListTests;
			sourceTree = "<group>";
		};
		C786B8DB1AF896BD005DC703 /* Supporting Files */ = {
			isa = PBXGroup;
			children = (
				C786B8DC1AF896BD005DC703 /* Info.plist */,
			);
			name = "Supporting Files";
			sourceTree = "<group>";
		};
/* End PBXGroup section */

/* Begin PBXNativeTarget section */
		C786B8BD1AF896BD005DC703 /* ToDoList */ = {
			isa = PBXNativeTarget;
			buildConfigurationList = C786B8E11AF896BD005DC703 /* Build configuration list for PBXNativeTarget "ToDoList" */;
			buildPhases = (
				C786B8BA1AF896BD005DC703 /* Sources */,
				C786B8BB1AF896BD005DC703 /* Frameworks */,
				C786B8BC1AF896BD005DC703 /* Resources */,
			);
			buildRules = (
			);
			dependencies = (
			);
			name = ToDoList;
			productName = ToDoList;
			productReference = C786B8BE1AF896BD005DC703 /* ToDoList.app */;
			productType = "com.apple.product-type.application";
		};
		C786B8D61AF896BD005DC703 /* ToDoListTests */ = {
			isa = PBXNativeTarget;
			buildConfigurationList = C786B8E41AF896BD005DC703 /* Build configuration list for PBXNativeTarget "ToDoListTests" */;
			buildPhases = (
				C786B8D31AF896BD005DC703 /* Sources */,
				C786B8D41AF896BD005DC703 /* Frameworks */,
				C786B8D51AF896BD005DC703 /* Resources */,
			);
			buildRules = (
			);
			dependencies = (
				C786B8D91AF896BD005DC703 /* PBXTargetDependency */,
			);
			name = ToDoListTests;
			productName = ToDoListTests;
			productReference = C786B8D71AF896BD005DC703 /* ToDoListTests.xctest */;
			productType = "com.apple.product-type.bundle.unit-test";
		};
/* End PBXNativeTarget section */

/* Begin PBXProject section */
		C786B8B61AF896BD005DC703 /* Project object */ = {
			isa = PBXProject;
			attributes = {
				LastUpgradeCheck = 0630;
				ORGANIZATIONNAME = "Sagar Vemuri";
				TargetAttributes = {
					C786B8BD1AF896BD005DC703 = {
						CreatedOnToolsVersion = 6.3.1;
					};
					C786B8D61AF896BD005DC703 = {
						CreatedOnToolsVersion = 6.3.1;
						TestTargetID = C786B8BD1AF896BD005DC703;
					};
				};
			};
			buildConfigurationList = C786B8B91AF896BD005DC703 /* Build configuration list for PBXProject "ToDoList" */;
			compatibilityVersion = "Xcode 3.2";
			developmentRegion = English;
			hasScannedForEncodings = 0;
			knownRegions = (
				en,
				Base,
			);
			mainGroup = C786B8B51AF896BD005DC703;
			productRefGroup = C786B8BF1AF896BD005DC703 /* Products */;
			projectDirPath = "";
			projectRoot = "";
			targets = (
				C786B8BD1AF896BD005DC703 /* ToDoList */,
				C786B8D61AF896BD005DC703 /* ToDoListTests */,
			);
		};
/* End PBXProject section */

/* Begin PBXResourcesBuildPhase section */
		C786B8BC1AF896BD005DC703 /* Resources */ = {
			isa = PBXResourcesBuildPhase;
			buildActionMask = 2147483647;
			files = (
				C786B8CD1AF896BD005DC703 /* Main.storyboard in Resources */,
				C786B8D21AF896BD005DC703 /* LaunchScreen.xib in Resources */,
				C786B8CF1AF896BD005DC703 /* Images.xcassets in Resources */,
			);
			runOnlyForDeploymentPostprocessing = 0;
		};
		C786B8D51AF896BD005DC703 /* Resources */ = {
			isa = PBXResourcesBuildPhase;
			buildActionMask = 2147483647;
			files = (
			);
			runOnlyForDeploymentPostprocessing = 0;
		};
/* End PBXResourcesBuildPhase section */

/* Begin PBXSourcesBuildPhase section */
		C786B8BA1AF896BD005DC703 /* Sources */ = {
			isa = PBXSourcesBuildPhase;
			buildActionMask = 2147483647;
			files = (
				C786B8C71AF896BD005DC703 /* AppDelegate.m in Sources */,
				C786B8C41AF896BD005DC703 /* main.m in Sources */,
				C786B8EC1AF93FAB005DC703 /* ToDoListTableViewController.m in Sources */,
				C786B8E91AF93A0A005DC703 /* AddToDoItemViewController.m in Sources */,
			);
			runOnlyForDeploymentPostprocessing = 0;
		};
		C786B8D31AF896BD005DC703 /* Sources */ = {
			isa = PBXSourcesBuildPhase;
			buildActionMask = 2147483647;
			files = (
				C786B8DE1AF896BD005DC703 /* ToDoListTests.m in Sources */,
			);
			runOnlyForDeploymentPostprocessing = 0;
		};
/* End PBXSourcesBuildPhase section */

/* Begin PBXTargetDependency section */
		C786B8D91AF896BD005DC703 /* PBXTargetDependency */ = {
			isa = PBXTargetDependency;
			target = C786B8BD1AF896BD005DC703 /* ToDoList */;
			targetProxy = C786B8D81AF896BD005DC703 /* PBXContainerItemProxy */;
		};
/* End PBXTargetDependency section */

/* Begin PBXVariantGroup section */
		C786B8CB1AF896BD005DC703 /* Main.storyboard */ = {
			isa = PBXVariantGroup;
			children = (
				C786B8CC1AF896BD005DC703 /* Base */,
			);
			name = Main.storyboard;
			sourceTree = "<group>";
		};
		C786B8D01AF896BD005DC703 /* LaunchScreen.xib */ = {
			isa = PBXVariantGroup;
			children = (
				C786B8D11AF896BD005DC703 /* Base */,
			);
			name = LaunchScreen.xib;
			sourceTree = "<group>";
		};
/* End PBXVariantGroup section */

/* Begin XCBuildConfiguration section */
		C786B8DF1AF896BD005DC703 /* Debug */ = {
			isa = XCBuildConfiguration;
			buildSettings = {
				ALWAYS_SEARCH_USER_PATHS = NO;
				CLANG_CXX_LANGUAGE_STANDARD = "gnu++0x";
				CLANG_CXX_LIBRARY = "libc++";
				CLANG_ENABLE_MODULES = YES;
				CLANG_ENABLE_OBJC_ARC = YES;
				CLANG_WARN_BOOL_CONVERSION = YES;
				CLANG_WARN_CONSTANT_CONVERSION = YES;
				CLANG_WARN_DIRECT_OBJC_ISA_USAGE = YES_ERROR;
				CLANG_WARN_EMPTY_BODY = YES;
				CLANG_WARN_ENUM_CONVERSION = YES;
				CLANG_WARN_INT_CONVERSION = YES;
				CLANG_WARN_OBJC_ROOT_CLASS = YES_ERROR;
				CLANG_WARN_UNREACHABLE_CODE = YES;
				CLANG_WARN__DUPLICATE_METHOD_MATCH = YES;
				"CODE_SIGN_IDENTITY[sdk=iphoneos*]" = "iPhone Developer";
				COPY_PHASE_STRIP = NO;
				DEBUG_INFORMATION_FORMAT = "dwarf-with-dsym";
				ENABLE_STRICT_OBJC_MSGSEND = YES;
				GCC_C_LANGUAGE_STANDARD = gnu99;
				GCC_DYNAMIC_NO_PIC = NO;
				GCC_NO_COMMON_BLOCKS = YES;
				GCC_OPTIMIZATION_LEVEL = 0;
				GCC_PREPROCESSOR_DEFINITIONS = (
					"DEBUG=1",
					"$(inherited)",
				);
				GCC_SYMBOLS_PRIVATE_EXTERN = NO;
				GCC_WARN_64_TO_32_BIT_CONVERSION = YES;
				GCC_WARN_ABOUT_RETURN_TYPE = YES_ERROR;
				GCC_WARN_UNDECLARED_SELECTOR = YES;
				GCC_WARN_UNINITIALIZED_AUTOS = YES_AGGRESSIVE;
				GCC_WARN_UNUSED_FUNCTION = YES;
				GCC_WARN_UNUSED_VARIABLE = YES;
				IPHONEOS_DEPLOYMENT_TARGET = 8.3;
				MTL_ENABLE_DEBUG_INFO = YES;
				ONLY_ACTIVE_ARCH = YES;
				SDKROOT = iphoneos;
				TARGETED_DEVICE_FAMILY = "1,2";
			};
			name = Debug;
		};
		C786B8E01AF896BD005DC703 /* Release */ = {
			isa = XCBuildConfiguration;
			buildSettings = {
				ALWAYS_SEARCH_USER_PATHS = NO;
				CLANG_CXX_LANGUAGE_STANDARD = "gnu++0x";
				CLANG_CXX_LIBRARY = "libc++";
				CLANG_ENABLE_MODULES = YES;
				CLANG_ENABLE_OBJC_ARC = YES;
				CLANG_WARN_BOOL_CONVERSION = YES;
				CLANG_WARN_CONSTANT_CONVERSION = YES;
				CLANG_WARN_DIRECT_OBJC_ISA_USAGE = YES_ERROR;
				CLANG_WARN_EMPTY_BODY = YES;
				CLANG_WARN_ENUM_CONVERSION = YES;
				CLANG_WARN_INT_CONVERSION = YES;
				CLANG_WARN_OBJC_ROOT_CLASS = YES_ERROR;
				CLANG_WARN_UNREACHABLE_CODE = YES;
				CLANG_WARN__DUPLICATE_METHOD_MATCH = YES;
				"CODE_SIGN_IDENTITY[sdk=iphoneos*]" = "iPhone Developer";
				COPY_PHASE_STRIP = NO;
				DEBUG_INFORMATION_FORMAT = "dwarf-with-dsym";
				ENABLE_NS_ASSERTIONS = NO;
				ENABLE_STRICT_OBJC_MSGSEND = YES;
				GCC_C_LANGUAGE_STANDARD = gnu99;
				GCC_NO_COMMON_BLOCKS = YES;
				GCC_WARN_64_TO_32_BIT_CONVERSION = YES;
				GCC_WARN_ABOUT_RETURN_TYPE = YES_ERROR;
				GCC_WARN_UNDECLARED_SELECTOR = YES;
				GCC_WARN_UNINITIALIZED_AUTOS = YES_AGGRESSIVE;
				GCC_WARN_UNUSED_FUNCTION = YES;
				GCC_WARN_UNUSED_VARIABLE = YES;
				IPHONEOS_DEPLOYMENT_TARGET = 8.3;
				MTL_ENABLE_DEBUG_INFO = NO;
				SDKROOT = iphoneos;
				TARGETED_DEVICE_FAMILY = "1,2";
				VALIDATE_PRODUCT = YES;
			};
			name = Release;
		};
		C786B8E21AF896BD005DC703 /* Debug */ = {
			isa = XCBuildConfiguration;
			buildSettings = {
				ASSETCATALOG_COMPILER_APPICON_NAME = AppIcon;
				INFOPLIST_FILE = ToDoList/Info.plist;
				LD_RUNPATH_SEARCH_PATHS = "$(inherited) @executable_path/Frameworks";
				PRODUCT_NAME = "$(TARGET_NAME)";
			};
			name = Debug;
		};
		C786B8E31AF896BD005DC703 /* Release */ = {
			isa = XCBuildConfiguration;
			buildSettings = {
				ASSETCATALOG_COMPILER_APPICON_NAME = AppIcon;
				INFOPLIST_FILE = ToDoList/Info.plist;
				LD_RUNPATH_SEARCH_PATHS = "$(inherited) @executable_path/Frameworks";
				PRODUCT_NAME = "$(TARGET_NAME)";
			};
			name = Release;
		};
		C786B8E51AF896BD005DC703 /* Debug */ = {
			isa = XCBuildConfiguration;
			buildSettings = {
				BUNDLE_LOADER = "$(TEST_HOST)";
				FRAMEWORK_SEARCH_PATHS = (
					"$(SDKROOT)/Developer/Library/Frameworks",
					"$(inherited)",
				);
				GCC_PREPROCESSOR_DEFINITIONS = (
					"DEBUG=1",
					"$(inherited)",
				);
				INFOPLIST_FILE = ToDoListTests/Info.plist;
				LD_RUNPATH_SEARCH_PATHS = "$(inherited) @executable_path/Frameworks @loader_path/Frameworks";
				PRODUCT_NAME = "$(TARGET_NAME)";
				TEST_HOST = "$(BUILT_PRODUCTS_DIR)/ToDoList.app/ToDoList";
			};
			name = Debug;
		};
		C786B8E61AF896BD005DC703 /* Release */ = {
			isa = XCBuildConfiguration;
			buildSettings = {
				BUNDLE_LOADER = "$(TEST_HOST)";
				FRAMEWORK_SEARCH_PATHS = (
					"$(SDKROOT)/Developer/Library/Frameworks",
					"$(inherited)",
				);
				INFOPLIST_FILE = ToDoListTests/Info.plist;
				LD_RUNPATH_SEARCH_PATHS = "$(inherited) @executable_path/Frameworks @loader_path/Frameworks";
				PRODUCT_NAME = "$(TARGET_NAME)";
				TEST_HOST = "$(BUILT_PRODUCTS_DIR)/ToDoList.app/ToDoList";
			};
			name = Release;
		};
/* End XCBuildConfiguration section */

/* Begin XCConfigurationList section */
		C786B8B91AF896BD005DC703 /* Build configuration list for PBXProject "ToDoList" */ = {
			isa = XCConfigurationList;
			buildConfigurations = (
				C786B8DF1AF896BD005DC703 /* Debug */,
				C786B8E01AF896BD005DC703 /* Release */,
			);
			defaultConfigurationIsVisible = 0;
			defaultConfigurationName = Release;
		};
		C786B8E11AF896BD005DC703 /* Build configuration list for PBXNativeTarget "ToDoList" */ = {
			isa = XCConfigurationList;
			buildConfigurations = (
				C786B8E21AF896BD005DC703 /* Debug */,
				C786B8E31AF896BD005DC703 /* Release */,
			);
			defaultConfigurationIsVisible = 0;
		};
		C786B8E41AF896BD005DC703 /* Build configuration list for PBXNativeTarget "ToDoListTests" */ = {
			isa = XCConfigurationList;
			buildConfigurations = (
				C786B8E51AF896BD005DC703 /* Debug */,
				C786B8E61AF896BD005DC703 /* Release */,
			);
			defaultConfigurationIsVisible = 0;
		};
/* End XCConfigurationList section */
	};
	rootObject = C786B8B61AF896BD005DC703 /* Project object */;
}
